
Microsoft Visual Studio Solution File, Format Version 12.00
# Visual Studio Version 17
VisualStudioVersion = 17.8.34322.80
MinimumVisualStudioVersion = 10.0.40219.1
Project("{FAE04EC0-301F-11D3-BF4B-00C04F79EFBC}") = "DotnetApp", "DotnetApp\DotnetApp.csproj", "{F9982447-5710-4186-9C1A-3030F3107E96}"
EndProject
Global
	GlobalSection(SolutionConfigurationPlatforms) = preSolution
		Debug|Any CPU = Debug|Any CPU
		Release|Any CPU = Release|Any CPU
	EndGlobalSection
	GlobalSection(ProjectConfigurationPlatforms) = postSolution
		{F9982447-5710-4186-9C1A-3030F3107E96}.Debug|Any CPU.ActiveCfg = Debug|Any CPU
		{F9982447-5710-4186-9C1A-3030F3107E96}.Debug|Any CPU.Build.0 = Debug|Any CPU
		{F9982447-5710-4186-9C1A-3030F3107E96}.Release|Any CPU.ActiveCfg = Release|Any CPU
		{F9982447-5710-4186-9C1A-3030F3107E96}.Release|Any CPU.Build.0 = Release|Any CPU
	EndGlobalSection
	GlobalSection(SolutionProperties) = preSolution
		HideSolutionNode = FALSE
	EndGlobalSection
	GlobalSection(ExtensibilityGlobals) = postSolution
		SolutionGuid = {09DDAA4B-7E54-4571-A976-1CF05CBFD8AA}
	EndGlobalSection
EndGlobal
